// !$*UTF8*$!
{
	archiveVersion = 1;
	classes = {
	};
	objectVersion = 77;
	objects = {

/* Begin PBXContainerItemProxy section */
		A15F1A492D8395B300744CC7 /* PBXContainerItemProxy */ = {
			isa = PBXContainerItemProxy;
			containerPortal = A15F1A2E2D8395B100744CC7 /* Project object */;
			proxyType = 1;
			remoteGlobalIDString = A15F1A352D8395B100744CC7;
			remoteInfo = lifedevo;
		};
		A15F1A532D8395B300744CC7 /* PBXContainerItemProxy */ = {
			isa = PBXContainerItemProxy;
			containerPortal = A15F1A2E2D8395B100744CC7 /* Project object */;
			proxyType = 1;
			remoteGlobalIDString = A15F1A352D8395B100744CC7;
			remoteInfo = lifedevo;
		};
/* End PBXContainerItemProxy section */

/* Begin PBXFileReference section */
		A15F1A362D8395B100744CC7 /* lifedevo.app */ = {isa = PBXFileReference; explicitFileType = wrapper.application; includeInIndex = 0; path = lifedevo.app; sourceTree = BUILT_PRODUCTS_DIR; };
		A15F1A482D8395B300744CC7 /* lifedevoTests.xctest */ = {isa = PBXFileReference; explicitFileType = wrapper.cfbundle; includeInIndex = 0; path = lifedevoTests.xctest; sourceTree = BUILT_PRODUCTS_DIR; };
		A15F1A522D8395B300744CC7 /* lifedevoUITests.xctest */ = {isa = PBXFileReference; explicitFileType = wrapper.cfbundle; includeInIndex = 0; path = lifedevoUITests.xctest; sourceTree = BUILT_PRODUCTS_DIR; };
/* End PBXFileReference section */

/* Begin PBXFileSystemSynchronizedRootGroup section */
		A15F1A382D8395B100744CC7 /* lifedevo */ = {
			isa = PBXFileSystemSynchronizedRootGroup;
			path = lifedevo;
			sourceTree = "<group>";
		};
		A15F1A4B2D8395B300744CC7 /* lifedevoTests */ = {
			isa = PBXFileSystemSynchronizedRootGroup;
			path = lifedevoTests;
			sourceTree = "<group>";
		};
		A15F1A552D8395B300744CC7 /* lifedevoUITests */ = {
			isa = PBXFileSystemSynchronizedRootGroup;
			path = lifedevoUITests;
			sourceTree = "<group>";
		};
/* End PBXFileSystemSynchronizedRootGroup section */

/* Begin PBXFrameworksBuildPhase section */
		A15F1A332D8395B100744CC7 /* Frameworks */ = {
			isa = PBXFrameworksBuildPhase;
			buildActionMask = 2147483647;
			files = (
			);
			runOnlyForDeploymentPostprocessing = 0;
		};
		A15F1A452D8395B300744CC7 /* Frameworks */ = {
			isa = PBXFrameworksBuildPhase;
			buildActionMask = 2147483647;
			files = (
			);
			runOnlyForDeploymentPostprocessing = 0;
		};
		A15F1A4F2D8395B300744CC7 /* Frameworks */ = {
			isa = PBXFrameworksBuildPhase;
			buildActionMask = 2147483647;
			files = (
			);
			runOnlyForDeploymentPostprocessing = 0;
		};
/* End PBXFrameworksBuildPhase section */

/* Begin PBXGroup section */
		A15F1A2D2D8395B100744CC7 = {
			isa = PBXGroup;
			children = (
				A15F1A382D8395B100744CC7 /* lifedevo */,
				A15F1A4B2D8395B300744CC7 /* lifedevoTests */,
				A15F1A552D8395B300744CC7 /* lifedevoUITests */,
				A15F1A372D8395B100744CC7 /* Products */,
			);
			sourceTree = "<group>";
		};
		A15F1A372D8395B100744CC7 /* Products */ = {
			isa = PBXGroup;
			children = (
				A15F1A362D8395B100744CC7 /* lifedevo.app */,
				A15F1A482D8395B300744CC7 /* lifedevoTests.xctest */,
				A15F1A522D8395B300744CC7 /* lifedevoUITests.xctest */,
			);
			name = Products;
			sourceTree = "<group>";
		};
/* End PBXGroup section */

/* Begin PBXNativeTarget section */
		A15F1A352D8395B100744CC7 /* lifedevo */ = {
			isa = PBXNativeTarget;
			buildConfigurationList = A15F1A5C2D8395B300744CC7 /* Build configuration list for PBXNativeTarget "lifedevo" */;
			buildPhases = (
				A15F1A322D8395B100744CC7 /* Sources */,
				A15F1A332D8395B100744CC7 /* Frameworks */,
				A15F1A342D8395B100744CC7 /* Resources */,
			);
			buildRules = (
			);
			dependencies = (
			);
			fileSystemSynchronizedGroups = (
				A15F1A382D8395B100744CC7 /* lifedevo */,
			);
			name = lifedevo;
			packageProductDependencies = (
			);
			productName = lifedevo;
			productReference = A15F1A362D8395B100744CC7 /* lifedevo.app */;
			productType = "com.apple.product-type.application";
		};
		A15F1A472D8395B300744CC7 /* lifedevoTests */ = {
			isa = PBXNativeTarget;
			buildConfigurationList = A15F1A5F2D8395B300744CC7 /* Build configuration list for PBXNativeTarget "lifedevoTests" */;
			buildPhases = (
				A15F1A442D8395B300744CC7 /* Sources */,
				A15F1A452D8395B300744CC7 /* Frameworks */,
				A15F1A462D8395B300744CC7 /* Resources */,
			);
			buildRules = (
			);
			dependencies = (
				A15F1A4A2D8395B300744CC7 /* PBXTargetDependency */,
			);
			fileSystemSynchronizedGroups = (
				A15F1A4B2D8395B300744CC7 /* lifedevoTests */,
			);
			name = lifedevoTests;
			packageProductDependencies = (
			);
			productName = lifedevoTests;
			productReference = A15F1A482D8395B300744CC7 /* lifedevoTests.xctest */;
			productType = "com.apple.product-type.bundle.unit-test";
		};
		A15F1A512D8395B300744CC7 /* lifedevoUITests */ = {
			isa = PBXNativeTarget;
			buildConfigurationList = A15F1A622D8395B300744CC7 /* Build configuration list for PBXNativeTarget "lifedevoUITests" */;
			buildPhases = (
				A15F1A4E2D8395B300744CC7 /* Sources */,
				A15F1A4F2D8395B300744CC7 /* Frameworks */,
				A15F1A502D8395B300744CC7 /* Resources */,
			);
			buildRules = (
			);
			dependencies = (
				A15F1A542D8395B300744CC7 /* PBXTargetDependency */,
			);
			fileSystemSynchronizedGroups = (
				A15F1A552D8395B300744CC7 /* lifedevoUITests */,
			);
			name = lifedevoUITests;
			packageProductDependencies = (
			);
			productName = lifedevoUITests;
			productReference = A15F1A522D8395B300744CC7 /* lifedevoUITests.xctest */;
			productType = "com.apple.product-type.bundle.ui-testing";
		};
/* End PBXNativeTarget section */

/* Begin PBXProject section */
		A15F1A2E2D8395B100744CC7 /* Project object */ = {
			isa = PBXProject;
			attributes = {
				BuildIndependentTargetsInParallel = 1;
				LastSwiftUpdateCheck = 1620;
				LastUpgradeCheck = 1620;
				TargetAttributes = {
					A15F1A352D8395B100744CC7 = {
						CreatedOnToolsVersion = 16.2;
					};
					A15F1A472D8395B300744CC7 = {
						CreatedOnToolsVersion = 16.2;
						TestTargetID = A15F1A352D8395B100744CC7;
					};
					A15F1A512D8395B300744CC7 = {
						CreatedOnToolsVersion = 16.2;
						TestTargetID = A15F1A352D8395B100744CC7;
					};
				};
			};
			buildConfigurationList = A15F1A312D8395B100744CC7 /* Build configuration list for PBXProject "lifedevo" */;
			developmentRegion = en;
			hasScannedForEncodings = 0;
			knownRegions = (
				en,
				Base,
			);
			mainGroup = A15F1A2D2D8395B100744CC7;
			minimizedProjectReferenceProxies = 1;
			preferredProjectObjectVersion = 77;
			productRefGroup = A15F1A372D8395B100744CC7 /* Products */;
			projectDirPath = "";
			projectRoot = "";
			targets = (
				A15F1A352D8395B100744CC7 /* lifedevo */,
				A15F1A472D8395B300744CC7 /* lifedevoTests */,
				A15F1A512D8395B300744CC7 /* lifedevoUITests */,
			);
		};
/* End PBXProject section */

/* Begin PBXResourcesBuildPhase section */
		A15F1A342D8395B100744CC7 /* Resources */ = {
			isa = PBXResourcesBuildPhase;
			buildActionMask = 2147483647;
			files = (
			);
			runOnlyForDeploymentPostprocessing = 0;
		};
		A15F1A462D8395B300744CC7 /* Resources */ = {
			isa = PBXResourcesBuildPhase;
			buildActionMask = 2147483647;
			files = (
			);
			runOnlyForDeploymentPostprocessing = 0;
		};
		A15F1A502D8395B300744CC7 /* Resources */ = {
			isa = PBXResourcesBuildPhase;
			buildActionMask = 2147483647;
			files = (
			);
			runOnlyForDeploymentPostprocessing = 0;
		};
/* End PBXResourcesBuildPhase section */

/* Begin PBXSourcesBuildPhase section */
		A15F1A322D8395B100744CC7 /* Sources */ = {
			isa = PBXSourcesBuildPhase;
			buildActionMask = 2147483647;
			files = (
			);
			runOnlyForDeploymentPostprocessing = 0;
		};
		A15F1A442D8395B300744CC7 /* Sources */ = {
			isa = PBXSourcesBuildPhase;
			buildActionMask = 2147483647;
			files = (
			);
			runOnlyForDeploymentPostprocessing = 0;
		};
		A15F1A4E2D8395B300744CC7 /* Sources */ = {
			isa = PBXSourcesBuildPhase;
			buildActionMask = 2147483647;
			files = (
			);
			runOnlyForDeploymentPostprocessing = 0;
		};
/* End PBXSourcesBuildPhase section */

/* Begin PBXTargetDependency section */
		A15F1A4A2D8395B300744CC7 /* PBXTargetDependency */ = {
			isa = PBXTargetDependency;
			target = A15F1A352D8395B100744CC7 /* lifedevo */;
			targetProxy = A15F1A492D8395B300744CC7 /* PBXContainerItemProxy */;
		};
		A15F1A542D8395B300744CC7 /* PBXTargetDependency */ = {
			isa = PBXTargetDependency;
			target = A15F1A352D8395B100744CC7 /* lifedevo */;
			targetProxy = A15F1A532D8395B300744CC7 /* PBXContainerItemProxy */;
		};
/* End PBXTargetDependency section */

/* Begin XCBuildConfiguration section */
		A15F1A5A2D8395B300744CC7 /* Debug */ = {
			isa = XCBuildConfiguration;
			buildSettings = {
				ALWAYS_SEARCH_USER_PATHS = NO;
				ASSETCATALOG_COMPILER_GENERATE_SWIFT_ASSET_SYMBOL_EXTENSIONS = YES;
				CLANG_ANALYZER_NONNULL = YES;
				CLANG_ANALYZER_NUMBER_OBJECT_CONVERSION = YES_AGGRESSIVE;
				CLANG_CXX_LANGUAGE_STANDARD = "gnu++20";
				CLANG_ENABLE_MODULES = YES;
				CLANG_ENABLE_OBJC_ARC = YES;
				CLANG_ENABLE_OBJC_WEAK = YES;
				CLANG_WARN_BLOCK_CAPTURE_AUTORELEASING = YES;
				CLANG_WARN_BOOL_CONVERSION = YES;
				CLANG_WARN_COMMA = YES;
				CLANG_WARN_CONSTANT_CONVERSION = YES;
				CLANG_WARN_DEPRECATED_OBJC_IMPLEMENTATIONS = YES;
				CLANG_WARN_DIRECT_OBJC_ISA_USAGE = YES_ERROR;
				CLANG_WARN_DOCUMENTATION_COMMENTS = YES;
				CLANG_WARN_EMPTY_BODY = YES;
				CLANG_WARN_ENUM_CONVERSION = YES;
				CLANG_WARN_INFINITE_RECURSION = YES;
				CLANG_WARN_INT_CONVERSION = YES;
				CLANG_WARN_NON_LITERAL_NULL_CONVERSION = YES;
				CLANG_WARN_OBJC_IMPLICIT_RETAIN_SELF = YES;
				CLANG_WARN_OBJC_LITERAL_CONVERSION = YES;
				CLANG_WARN_OBJC_ROOT_CLASS = YES_ERROR;
				CLANG_WARN_QUOTED_INCLUDE_IN_FRAMEWORK_HEADER = YES;
				CLANG_WARN_RANGE_LOOP_ANALYSIS = YES;
				CLANG_WARN_STRICT_PROTOTYPES = YES;
				CLANG_WARN_SUSPICIOUS_MOVE = YES;
				CLANG_WARN_UNGUARDED_AVAILABILITY = YES_AGGRESSIVE;
				CLANG_WARN_UNREACHABLE_CODE = YES;
				CLANG_WARN__DUPLICATE_METHOD_MATCH = YES;
				COPY_PHASE_STRIP = NO;
				DEBUG_INFORMATION_FORMAT = dwarf;
				ENABLE_STRICT_OBJC_MSGSEND = YES;
				ENABLE_TESTABILITY = YES;
				ENABLE_USER_SCRIPT_SANDBOXING = YES;
				GCC_C_LANGUAGE_STANDARD = gnu17;
				GCC_DYNAMIC_NO_PIC = NO;
				GCC_NO_COMMON_BLOCKS = YES;
				GCC_OPTIMIZATION_LEVEL = 0;
				GCC_PREPROCESSOR_DEFINITIONS = (
					"DEBUG=1",
					"$(inherited)",
				);
				GCC_WARN_64_TO_32_BIT_CONVERSION = YES;
				GCC_WARN_ABOUT_RETURN_TYPE = YES_ERROR;
				GCC_WARN_UNDECLARED_SELECTOR = YES;
				GCC_WARN_UNINITIALIZED_AUTOS = YES_AGGRESSIVE;
				GCC_WARN_UNUSED_FUNCTION = YES;
				GCC_WARN_UNUSED_VARIABLE = YES;
				IPHONEOS_DEPLOYMENT_TARGET = 18.2;
				LOCALIZATION_PREFERS_STRING_CATALOGS = YES;
				MTL_ENABLE_DEBUG_INFO = INCLUDE_SOURCE;
				MTL_FAST_MATH = YES;
				ONLY_ACTIVE_ARCH = YES;
				SDKROOT = iphoneos;
				SWIFT_ACTIVE_COMPILATION_CONDITIONS = "DEBUG $(inherited)";
				SWIFT_OPTIMIZATION_LEVEL = "-Onone";
			};
			name = Debug;
		};
		A15F1A5B2D8395B300744CC7 /* Release */ = {
			isa = XCBuildConfiguration;
			buildSettings = {
				ALWAYS_SEARCH_USER_PATHS = NO;
				ASSETCATALOG_COMPILER_GENERATE_SWIFT_ASSET_SYMBOL_EXTENSIONS = YES;
				CLANG_ANALYZER_NONNULL = YES;
				CLANG_ANALYZER_NUMBER_OBJECT_CONVERSION = YES_AGGRESSIVE;
				CLANG_CXX_LANGUAGE_STANDARD = "gnu++20";
				CLANG_ENABLE_MODULES = YES;
				CLANG_ENABLE_OBJC_ARC = YES;
				CLANG_ENABLE_OBJC_WEAK = YES;
				CLANG_WARN_BLOCK_CAPTURE_AUTORELEASING = YES;
				CLANG_WARN_BOOL_CONVERSION = YES;
				CLANG_WARN_COMMA = YES;
				CLANG_WARN_CONSTANT_CONVERSION = YES;
				CLANG_WARN_DEPRECATED_OBJC_IMPLEMENTATIONS = YES;
				CLANG_WARN_DIRECT_OBJC_ISA_USAGE = YES_ERROR;
				CLANG_WARN_DOCUMENTATION_COMMENTS = YES;
				CLANG_WARN_EMPTY_BODY = YES;
				CLANG_WARN_ENUM_CONVERSION = YES;
				CLANG_WARN_INFINITE_RECURSION = YES;
				CLANG_WARN_INT_CONVERSION = YES;
				CLANG_WARN_NON_LITERAL_NULL_CONVERSION = YES;
				CLANG_WARN_OBJC_IMPLICIT_RETAIN_SELF = YES;
				CLANG_WARN_OBJC_LITERAL_CONVERSION = YES;
				CLANG_WARN_OBJC_ROOT_CLASS = YES_ERROR;
				CLANG_WARN_QUOTED_INCLUDE_IN_FRAMEWORK_HEADER = YES;
				CLANG_WARN_RANGE_LOOP_ANALYSIS = YES;
				CLANG_WARN_STRICT_PROTOTYPES = YES;
				CLANG_WARN_SUSPICIOUS_MOVE = YES;
				CLANG_WARN_UNGUARDED_AVAILABILITY = YES_AGGRESSIVE;
				CLANG_WARN_UNREACHABLE_CODE = YES;
				CLANG_WARN__DUPLICATE_METHOD_MATCH = YES;
				COPY_PHASE_STRIP = NO;
				DEBUG_INFORMATION_FORMAT = "dwarf-with-dsym";
				ENABLE_NS_ASSERTIONS = NO;
				ENABLE_STRICT_OBJC_MSGSEND = YES;
				ENABLE_USER_SCRIPT_SANDBOXING = YES;
				GCC_C_LANGUAGE_STANDARD = gnu17;
				GCC_NO_COMMON_BLOCKS = YES;
				GCC_WARN_64_TO_32_BIT_CONVERSION = YES;
				GCC_WARN_ABOUT_RETURN_TYPE = YES_ERROR;
				GCC_WARN_UNDECLARED_SELECTOR = YES;
				GCC_WARN_UNINITIALIZED_AUTOS = YES_AGGRESSIVE;
				GCC_WARN_UNUSED_FUNCTION = YES;
				GCC_WARN_UNUSED_VARIABLE = YES;
				IPHONEOS_DEPLOYMENT_TARGET = 18.2;
				LOCALIZATION_PREFERS_STRING_CATALOGS = YES;
				MTL_ENABLE_DEBUG_INFO = NO;
				MTL_FAST_MATH = YES;
				SDKROOT = iphoneos;
				SWIFT_COMPILATION_MODE = wholemodule;
				VALIDATE_PRODUCT = YES;
			};
			name = Release;
		};
		A15F1A5D2D8395B300744CC7 /* Debug */ = {
			isa = XCBuildConfiguration;
			buildSettings = {
				ASSETCATALOG_COMPILER_APPICON_NAME = AppIcon;
				ASSETCATALOG_COMPILER_GLOBAL_ACCENT_COLOR_NAME = AccentColor;
				CODE_SIGN_STYLE = Automatic;
				CURRENT_PROJECT_VERSION = 1;
				DEVELOPMENT_ASSET_PATHS = "\"lifedevo/Preview Content\"";
				DEVELOPMENT_TEAM = 2S4KQ2R3MR;
				ENABLE_PREVIEWS = YES;
				GENERATE_INFOPLIST_FILE = YES;
				INFOPLIST_KEY_UIApplicationSceneManifest_Generation = YES;
				INFOPLIST_KEY_UIApplicationSupportsIndirectInputEvents = YES;
				INFOPLIST_KEY_UILaunchScreen_Generation = YES;
				INFOPLIST_KEY_UISupportedInterfaceOrientations_iPad = "UIInterfaceOrientationPortrait UIInterfaceOrientationPortraitUpsideDown UIInterfaceOrientationLandscapeLeft UIInterfaceOrientationLandscapeRight";
				INFOPLIST_KEY_UISupportedInterfaceOrientations_iPhone = "UIInterfaceOrientationPortrait UIInterfaceOrientationLandscapeLeft UIInterfaceOrientationLandscapeRight";
				LD_RUNPATH_SEARCH_PATHS = (
					"$(inherited)",
					"@executable_path/Frameworks",
				);
				MARKETING_VERSION = 1.0;
				PRODUCT_BUNDLE_IDENTIFIER = ca.bridgewaychurch.lifedevo;
				PRODUCT_NAME = "$(TARGET_NAME)";
				SWIFT_EMIT_LOC_STRINGS = YES;
				SWIFT_VERSION = 5.0;
				TARGETED_DEVICE_FAMILY = "1,2";
			};
			name = Debug;
		};
		A15F1A5E2D8395B300744CC7 /* Release */ = {
			isa = XCBuildConfiguration;
			buildSettings = {
				ASSETCATALOG_COMPILER_APPICON_NAME = AppIcon;
				ASSETCATALOG_COMPILER_GLOBAL_ACCENT_COLOR_NAME = AccentColor;
				CODE_SIGN_STYLE = Automatic;
				CURRENT_PROJECT_VERSION = 1;
				DEVELOPMENT_ASSET_PATHS = "\"lifedevo/Preview Content\"";
				DEVELOPMENT_TEAM = 2S4KQ2R3MR;
				ENABLE_PREVIEWS = YES;
				GENERATE_INFOPLIST_FILE = YES;
				INFOPLIST_KEY_UIApplicationSceneManifest_Generation = YES;
				INFOPLIST_KEY_UIApplicationSupportsIndirectInputEvents = YES;
				INFOPLIST_KEY_UILaunchScreen_Generation = YES;
				INFOPLIST_KEY_UISupportedInterfaceOrientations_iPad = "UIInterfaceOrientationPortrait UIInterfaceOrientationPortraitUpsideDown UIInterfaceOrientationLandscapeLeft UIInterfaceOrientationLandscapeRight";
				INFOPLIST_KEY_UISupportedInterfaceOrientations_iPhone = "UIInterfaceOrientationPortrait UIInterfaceOrientationLandscapeLeft UIInterfaceOrientationLandscapeRight";
				LD_RUNPATH_SEARCH_PATHS = (
					"$(inherited)",
					"@executable_path/Frameworks",
				);
				MARKETING_VERSION = 1.0;
				PRODUCT_BUNDLE_IDENTIFIER = ca.bridgewaychurch.lifedevo;
				PRODUCT_NAME = "$(TARGET_NAME)";
				SWIFT_EMIT_LOC_STRINGS = YES;
				SWIFT_VERSION = 5.0;
				TARGETED_DEVICE_FAMILY = "1,2";
			};
			name = Release;
		};
		A15F1A602D8395B300744CC7 /* Debug */ = {
			isa = XCBuildConfiguration;
			buildSettings = {
				BUNDLE_LOADER = "$(TEST_HOST)";
				CODE_SIGN_STYLE = Automatic;
				CURRENT_PROJECT_VERSION = 1;
				DEVELOPMENT_TEAM = 2S4KQ2R3MR;
				GENERATE_INFOPLIST_FILE = YES;
				IPHONEOS_DEPLOYMENT_TARGET = 18.2;
				MARKETING_VERSION = 1.0;
				PRODUCT_BUNDLE_IDENTIFIER = ca.bridgewaychurch.lifedevoTests;
				PRODUCT_NAME = "$(TARGET_NAME)";
				SWIFT_EMIT_LOC_STRINGS = NO;
				SWIFT_VERSION = 5.0;
				TARGETED_DEVICE_FAMILY = "1,2";
				TEST_HOST = "$(BUILT_PRODUCTS_DIR)/lifedevo.app/$(BUNDLE_EXECUTABLE_FOLDER_PATH)/lifedevo";
			};
			name = Debug;
		};
		A15F1A612D8395B300744CC7 /* Release */ = {
			isa = XCBuildConfiguration;
			buildSettings = {
				BUNDLE_LOADER = "$(TEST_HOST)";
				CODE_SIGN_STYLE = Automatic;
				CURRENT_PROJECT_VERSION = 1;
				DEVELOPMENT_TEAM = 2S4KQ2R3MR;
				GENERATE_INFOPLIST_FILE = YES;
				IPHONEOS_DEPLOYMENT_TARGET = 18.2;
				MARKETING_VERSION = 1.0;
				PRODUCT_BUNDLE_IDENTIFIER = ca.bridgewaychurch.lifedevoTests;
				PRODUCT_NAME = "$(TARGET_NAME)";
				SWIFT_EMIT_LOC_STRINGS = NO;
				SWIFT_VERSION = 5.0;
				TARGETED_DEVICE_FAMILY = "1,2";
				TEST_HOST = "$(BUILT_PRODUCTS_DIR)/lifedevo.app/$(BUNDLE_EXECUTABLE_FOLDER_PATH)/lifedevo";
			};
			name = Release;
		};
		A15F1A632D8395B300744CC7 /* Debug */ = {
			isa = XCBuildConfiguration;
			buildSettings = {
				CODE_SIGN_STYLE = Automatic;
				CURRENT_PROJECT_VERSION = 1;
				DEVELOPMENT_TEAM = 2S4KQ2R3MR;
				GENERATE_INFOPLIST_FILE = YES;
				MARKETING_VERSION = 1.0;
				PRODUCT_BUNDLE_IDENTIFIER = ca.bridgewaychurch.lifedevoUITests;
				PRODUCT_NAME = "$(TARGET_NAME)";
				SWIFT_EMIT_LOC_STRINGS = NO;
				SWIFT_VERSION = 5.0;
				TARGETED_DEVICE_FAMILY = "1,2";
				TEST_TARGET_NAME = lifedevo;
			};
			name = Debug;
		};
		A15F1A642D8395B300744CC7 /* Release */ = {
			isa = XCBuildConfiguration;
			buildSettings = {
				CODE_SIGN_STYLE = Automatic;
				CURRENT_PROJECT_VERSION = 1;
				DEVELOPMENT_TEAM = 2S4KQ2R3MR;
				GENERATE_INFOPLIST_FILE = YES;
				MARKETING_VERSION = 1.0;
				PRODUCT_BUNDLE_IDENTIFIER = ca.bridgewaychurch.lifedevoUITests;
				PRODUCT_NAME = "$(TARGET_NAME)";
				SWIFT_EMIT_LOC_STRINGS = NO;
				SWIFT_VERSION = 5.0;
				TARGETED_DEVICE_FAMILY = "1,2";
				TEST_TARGET_NAME = lifedevo;
			};
			name = Release;
		};
/* End XCBuildConfiguration section */

/* Begin XCConfigurationList section */
		A15F1A312D8395B100744CC7 /* Build configuration list for PBXProject "lifedevo" */ = {
			isa = XCConfigurationList;
			buildConfigurations = (
				A15F1A5A2D8395B300744CC7 /* Debug */,
				A15F1A5B2D8395B300744CC7 /* Release */,
			);
			defaultConfigurationIsVisible = 0;
			defaultConfigurationName = Release;
		};
		A15F1A5C2D8395B300744CC7 /* Build configuration list for PBXNativeTarget "lifedevo" */ = {
			isa = XCConfigurationList;
			buildConfigurations = (
				A15F1A5D2D8395B300744CC7 /* Debug */,
				A15F1A5E2D8395B300744CC7 /* Release */,
			);
			defaultConfigurationIsVisible = 0;
			defaultConfigurationName = Release;
		};
		A15F1A5F2D8395B300744CC7 /* Build configuration list for PBXNativeTarget "lifedevoTests" */ = {
			isa = XCConfigurationList;
			buildConfigurations = (
				A15F1A602D8395B300744CC7 /* Debug */,
				A15F1A612D8395B300744CC7 /* Release */,
			);
			defaultConfigurationIsVisible = 0;
			defaultConfigurationName = Release;
		};
		A15F1A622D8395B300744CC7 /* Build configuration list for PBXNativeTarget "lifedevoUITests" */ = {
			isa = XCConfigurationList;
			buildConfigurations = (
				A15F1A632D8395B300744CC7 /* Debug */,
				A15F1A642D8395B300744CC7 /* Release */,
			);
			defaultConfigurationIsVisible = 0;
			defaultConfigurationName = Release;
		};
/* End XCConfigurationList section */
	};
	rootObject = A15F1A2E2D8395B100744CC7 /* Project object */;
}
